
Microsoft Visual Studio Solution File, Format Version 12.00
# Visual Studio 2012
Project("{FAE04EC0-301F-11D3-BF4B-00C04F79EFBC}") = "AppStarter", "AppStarter\AppStarter.csproj", "{D510F70B-5BCC-4B93-A15D-3525812DE04F}"
EndProject
Global
	GlobalSection(SolutionConfigurationPlatforms) = preSolution
		Debug|Any CPU = Debug|Any CPU
		Release|Any CPU = Release|Any CPU
	EndGlobalSection
	GlobalSection(ProjectConfigurationPlatforms) = postSolution
		{D510F70B-5BCC-4B93-A15D-3525812DE04F}.Debug|Any CPU.ActiveCfg = Debug|Any CPU
		{D510F70B-5BCC-4B93-A15D-3525812DE04F}.Debug|Any CPU.Build.0 = Debug|Any CPU
		{D510F70B-5BCC-4B93-A15D-3525812DE04F}.Release|Any CPU.ActiveCfg = Release|Any CPU
		{D510F70B-5BCC-4B93-A15D-3525812DE04F}.Release|Any CPU.Build.0 = Release|Any CPU
	EndGlobalSection
	GlobalSection(SolutionProperties) = preSolution
		HideSolutionNode = FALSE
	EndGlobalSection
EndGlobal
